
Microsoft Visual Studio Solution File, Format Version 12.00
# Visual Studio Version 17
VisualStudioVersion = 17.13.35919.96 d17.13
MinimumVisualStudioVersion = 10.0.40219.1
Project("{FAE04EC0-301F-11D3-BF4B-00C04F79EFBC}") = "SharingIsCaring", "SharingIsCaring.csproj", "{B791A899-85EE-448A-9051-42DA58BF930D}"
EndProject
Global
	GlobalSection(SolutionConfigurationPlatforms) = preSolution
		Debug|Any CPU = Debug|Any CPU
		Release|Any CPU = Release|Any CPU
	EndGlobalSection
	GlobalSection(ProjectConfigurationPlatforms) = postSolution
		{B791A899-85EE-448A-9051-42DA58BF930D}.Debug|Any CPU.ActiveCfg = Debug|Any CPU
		{B791A899-85EE-448A-9051-42DA58BF930D}.Debug|Any CPU.Build.0 = Debug|Any CPU
		{B791A899-85EE-448A-9051-42DA58BF930D}.Release|Any CPU.ActiveCfg = Release|Any CPU
		{B791A899-85EE-448A-9051-42DA58BF930D}.Release|Any CPU.Build.0 = Release|Any CPU
	EndGlobalSection
	GlobalSection(SolutionProperties) = preSolution
		HideSolutionNode = FALSE
	EndGlobalSection
	GlobalSection(ExtensibilityGlobals) = postSolution
		SolutionGuid = {69AB8D27-CD55-4C9B-98B1-5911466D5A8F}
	EndGlobalSection
EndGlobal
